
Microsoft Visual Studio Solution File, Format Version 12.00
# Visual Studio 14
VisualStudioVersion = 14.0.25420.1
MinimumVisualStudioVersion = 10.0.40219.1
Project("{FAE04EC0-301F-11D3-BF4B-00C04F79EFBC}") = "InternetStore", "InternetStore\InternetStore.csproj", "{508D8926-AC15-4D25-8664-09FA37A1EC7D}"
EndProject
Project("{FAE04EC0-301F-11D3-BF4B-00C04F79EFBC}") = "InternetStore.Tests", "InternetStore.Tests\InternetStore.Tests.csproj", "{974D6C87-80FF-4D6C-9671-8D416F430BB4}"
EndProject
Global
	GlobalSection(SolutionConfigurationPlatforms) = preSolution
		Debug|Any CPU = Debug|Any CPU
		Release|Any CPU = Release|Any CPU
	EndGlobalSection
	GlobalSection(ProjectConfigurationPlatforms) = postSolution
		{508D8926-AC15-4D25-8664-09FA37A1EC7D}.Debug|Any CPU.ActiveCfg = Debug|Any CPU
		{508D8926-AC15-4D25-8664-09FA37A1EC7D}.Debug|Any CPU.Build.0 = Debug|Any CPU
		{508D8926-AC15-4D25-8664-09FA37A1EC7D}.Release|Any CPU.ActiveCfg = Release|Any CPU
		{508D8926-AC15-4D25-8664-09FA37A1EC7D}.Release|Any CPU.Build.0 = Release|Any CPU
		{974D6C87-80FF-4D6C-9671-8D416F430BB4}.Debug|Any CPU.ActiveCfg = Debug|Any CPU
		{974D6C87-80FF-4D6C-9671-8D416F430BB4}.Debug|Any CPU.Build.0 = Debug|Any CPU
		{974D6C87-80FF-4D6C-9671-8D416F430BB4}.Release|Any CPU.ActiveCfg = Release|Any CPU
		{974D6C87-80FF-4D6C-9671-8D416F430BB4}.Release|Any CPU.Build.0 = Release|Any CPU
	EndGlobalSection
	GlobalSection(SolutionProperties) = preSolution
		HideSolutionNode = FALSE
	EndGlobalSection
EndGlobal
